// !$*UTF8*$!
{
	archiveVersion = 1;
	classes = {
	};
	objectVersion = 55;
	objects = {

/* Begin PBXBuildFile section */
		2C9D4A79DB58A14F2A41CE07 /* Pods_MoranSaveTest.framework in Frameworks */ = {isa = PBXBuildFile; fileRef = C65D4F5EC88E8456FA491962 /* Pods_MoranSaveTest.framework */; };
		EE8363D52B7B65580000A91D /* AppDelegate.swift in Sources */ = {isa = PBXBuildFile; fileRef = EE8363D42B7B65580000A91D /* AppDelegate.swift */; };
		EE8363D72B7B65580000A91D /* SceneDelegate.swift in Sources */ = {isa = PBXBuildFile; fileRef = EE8363D62B7B65580000A91D /* SceneDelegate.swift */; };
		EE8363D92B7B65580000A91D /* ViewController.swift in Sources */ = {isa = PBXBuildFile; fileRef = EE8363D82B7B65580000A91D /* ViewController.swift */; };
		EE8363DC2B7B65580000A91D /* Main.storyboard in Resources */ = {isa = PBXBuildFile; fileRef = EE8363DA2B7B65580000A91D /* Main.storyboard */; };
		EE8363DE2B7B65600000A91D /* Assets.xcassets in Resources */ = {isa = PBXBuildFile; fileRef = EE8363DD2B7B65600000A91D /* Assets.xcassets */; };
		EE8363E12B7B65600000A91D /* LaunchScreen.storyboard in Resources */ = {isa = PBXBuildFile; fileRef = EE8363DF2B7B65600000A91D /* LaunchScreen.storyboard */; };
		EE8363E92B7B65CE0000A91D /* Observable.swift in Sources */ = {isa = PBXBuildFile; fileRef = EE8363E82B7B65CE0000A91D /* Observable.swift */; };
		EE8363EB2B7B65ED0000A91D /* NetworkManager.swift in Sources */ = {isa = PBXBuildFile; fileRef = EE8363EA2B7B65ED0000A91D /* NetworkManager.swift */; };
		EE8363ED2B7B66050000A91D /* Countries.swift in Sources */ = {isa = PBXBuildFile; fileRef = EE8363EC2B7B66050000A91D /* Countries.swift */; };
		EE8363EF2B7B66140000A91D /* NetworkError.swift in Sources */ = {isa = PBXBuildFile; fileRef = EE8363EE2B7B66140000A91D /* NetworkError.swift */; };
		EE8363F12B7B66310000A91D /* CountriesViewModel.swift in Sources */ = {isa = PBXBuildFile; fileRef = EE8363F02B7B66310000A91D /* CountriesViewModel.swift */; };
		EE8363F32B7B82180000A91D /* CountiresCell.xib in Resources */ = {isa = PBXBuildFile; fileRef = EE8363F22B7B82180000A91D /* CountiresCell.xib */; };
		EE8363F52B7B829E0000A91D /* CountiresTableViewCell.swift in Sources */ = {isa = PBXBuildFile; fileRef = EE8363F42B7B829E0000A91D /* CountiresTableViewCell.swift */; };
		EE8363F72B7B88690000A91D /* CountriesCellViewModel.swift in Sources */ = {isa = PBXBuildFile; fileRef = EE8363F62B7B88690000A91D /* CountriesCellViewModel.swift */; };
		EE8363F92B7BAB1D0000A91D /* CountryDetailsViewController.swift in Sources */ = {isa = PBXBuildFile; fileRef = EE8363F82B7BAB1D0000A91D /* CountryDetailsViewController.swift */; };
/* End PBXBuildFile section */

/* Begin PBXCopyFilesBuildPhase section */
		EE6749A42B7CB93B003D4416 /* Embed Frameworks */ = {
			isa = PBXCopyFilesBuildPhase;
			buildActionMask = 2147483647;
			dstPath = "";
			dstSubfolderSpec = 10;
			files = (
			);
			name = "Embed Frameworks";
			runOnlyForDeploymentPostprocessing = 0;
		};
/* End PBXCopyFilesBuildPhase section */

/* Begin PBXFileReference section */
		7A7093FB663E1ECE9EC495D9 /* Pods-MoranSaveTest.debug.xcconfig */ = {isa = PBXFileReference; includeInIndex = 1; lastKnownFileType = text.xcconfig; name = "Pods-MoranSaveTest.debug.xcconfig"; path = "Target Support Files/Pods-MoranSaveTest/Pods-MoranSaveTest.debug.xcconfig"; sourceTree = "<group>"; };
		C65D4F5EC88E8456FA491962 /* Pods_MoranSaveTest.framework */ = {isa = PBXFileReference; explicitFileType = wrapper.framework; includeInIndex = 0; path = Pods_MoranSaveTest.framework; sourceTree = BUILT_PRODUCTS_DIR; };
		EE8363D12B7B65580000A91D /* MoranSaveTest.app */ = {isa = PBXFileReference; explicitFileType = wrapper.application; includeInIndex = 0; path = MoranSaveTest.app; sourceTree = BUILT_PRODUCTS_DIR; };
		EE8363D42B7B65580000A91D /* AppDelegate.swift */ = {isa = PBXFileReference; lastKnownFileType = sourcecode.swift; path = AppDelegate.swift; sourceTree = "<group>"; };
		EE8363D62B7B65580000A91D /* SceneDelegate.swift */ = {isa = PBXFileReference; lastKnownFileType = sourcecode.swift; path = SceneDelegate.swift; sourceTree = "<group>"; };
		EE8363D82B7B65580000A91D /* ViewController.swift */ = {isa = PBXFileReference; lastKnownFileType = sourcecode.swift; path = ViewController.swift; sourceTree = "<group>"; };
		EE8363DB2B7B65580000A91D /* Base */ = {isa = PBXFileReference; lastKnownFileType = file.storyboard; name = Base; path = Base.lproj/Main.storyboard; sourceTree = "<group>"; };
		EE8363DD2B7B65600000A91D /* Assets.xcassets */ = {isa = PBXFileReference; lastKnownFileType = folder.assetcatalog; path = Assets.xcassets; sourceTree = "<group>"; };
		EE8363E02B7B65600000A91D /* Base */ = {isa = PBXFileReference; lastKnownFileType = file.storyboard; name = Base; path = Base.lproj/LaunchScreen.storyboard; sourceTree = "<group>"; };
		EE8363E22B7B65600000A91D /* Info.plist */ = {isa = PBXFileReference; lastKnownFileType = text.plist.xml; path = Info.plist; sourceTree = "<group>"; };
		EE8363E82B7B65CE0000A91D /* Observable.swift */ = {isa = PBXFileReference; lastKnownFileType = sourcecode.swift; path = Observable.swift; sourceTree = "<group>"; };
		EE8363EA2B7B65ED0000A91D /* NetworkManager.swift */ = {isa = PBXFileReference; lastKnownFileType = sourcecode.swift; path = NetworkManager.swift; sourceTree = "<group>"; };
		EE8363EC2B7B66050000A91D /* Countries.swift */ = {isa = PBXFileReference; lastKnownFileType = sourcecode.swift; path = Countries.swift; sourceTree = "<group>"; };
		EE8363EE2B7B66140000A91D /* NetworkError.swift */ = {isa = PBXFileReference; lastKnownFileType = sourcecode.swift; path = NetworkError.swift; sourceTree = "<group>"; };
		EE8363F02B7B66310000A91D /* CountriesViewModel.swift */ = {isa = PBXFileReference; lastKnownFileType = sourcecode.swift; path = CountriesViewModel.swift; sourceTree = "<group>"; };
		EE8363F22B7B82180000A91D /* CountiresCell.xib */ = {isa = PBXFileReference; lastKnownFileType = file.xib; path = CountiresCell.xib; sourceTree = "<group>"; };
		EE8363F42B7B829E0000A91D /* CountiresTableViewCell.swift */ = {isa = PBXFileReference; lastKnownFileType = sourcecode.swift; path = CountiresTableViewCell.swift; sourceTree = "<group>"; };
		EE8363F62B7B88690000A91D /* CountriesCellViewModel.swift */ = {isa = PBXFileReference; lastKnownFileType = sourcecode.swift; path = CountriesCellViewModel.swift; sourceTree = "<group>"; };
		EE8363F82B7BAB1D0000A91D /* CountryDetailsViewController.swift */ = {isa = PBXFileReference; lastKnownFileType = sourcecode.swift; path = CountryDetailsViewController.swift; sourceTree = "<group>"; };
		F79421DC0830B3CE5523A77F /* Pods-MoranSaveTest.release.xcconfig */ = {isa = PBXFileReference; includeInIndex = 1; lastKnownFileType = text.xcconfig; name = "Pods-MoranSaveTest.release.xcconfig"; path = "Target Support Files/Pods-MoranSaveTest/Pods-MoranSaveTest.release.xcconfig"; sourceTree = "<group>"; };
/* End PBXFileReference section */

/* Begin PBXFrameworksBuildPhase section */
		EE8363CE2B7B65580000A91D /* Frameworks */ = {
			isa = PBXFrameworksBuildPhase;
			buildActionMask = 2147483647;
			files = (
				2C9D4A79DB58A14F2A41CE07 /* Pods_MoranSaveTest.framework in Frameworks */,
			);
			runOnlyForDeploymentPostprocessing = 0;
		};
/* End PBXFrameworksBuildPhase section */

/* Begin PBXGroup section */
		2AE9CA1BDAB11BBFDABE70BC /* Frameworks */ = {
			isa = PBXGroup;
			children = (
				C65D4F5EC88E8456FA491962 /* Pods_MoranSaveTest.framework */,
			);
			name = Frameworks;
			sourceTree = "<group>";
		};
		EE58733B2B7CABFF000C9D57 /* Model */ = {
			isa = PBXGroup;
			children = (
				EE8363EC2B7B66050000A91D /* Countries.swift */,
				EE8363E82B7B65CE0000A91D /* Observable.swift */,
				EE8363EA2B7B65ED0000A91D /* NetworkManager.swift */,
				EE8363EE2B7B66140000A91D /* NetworkError.swift */,
			);
			path = Model;
			sourceTree = "<group>";
		};
		EE58733C2B7CAC09000C9D57 /* View */ = {
			isa = PBXGroup;
			children = (
				EE8363D62B7B65580000A91D /* SceneDelegate.swift */,
				EE8363D42B7B65580000A91D /* AppDelegate.swift */,
				EE8363F82B7BAB1D0000A91D /* CountryDetailsViewController.swift */,
				EE8363DF2B7B65600000A91D /* LaunchScreen.storyboard */,
				EE8363F22B7B82180000A91D /* CountiresCell.xib */,
				EE8363F42B7B829E0000A91D /* CountiresTableViewCell.swift */,
				EE8363DA2B7B65580000A91D /* Main.storyboard */,
				EE8363D82B7B65580000A91D /* ViewController.swift */,
			);
			path = View;
			sourceTree = "<group>";
		};
		EE58733D2B7CAC16000C9D57 /* ViewModel */ = {
			isa = PBXGroup;
			children = (
				EE8363F62B7B88690000A91D /* CountriesCellViewModel.swift */,
				EE8363F02B7B66310000A91D /* CountriesViewModel.swift */,
			);
			path = ViewModel;
			sourceTree = "<group>";
		};
		EE8363C82B7B65580000A91D = {
			isa = PBXGroup;
			children = (
				EE8363D32B7B65580000A91D /* MoranSaveTest */,
				EE8363D22B7B65580000A91D /* Products */,
				F60189CEDFE61FE0F358F6C4 /* Pods */,
				2AE9CA1BDAB11BBFDABE70BC /* Frameworks */,
			);
			sourceTree = "<group>";
		};
		EE8363D22B7B65580000A91D /* Products */ = {
			isa = PBXGroup;
			children = (
				EE8363D12B7B65580000A91D /* MoranSaveTest.app */,
			);
			name = Products;
			sourceTree = "<group>";
		};
		EE8363D32B7B65580000A91D /* MoranSaveTest */ = {
			isa = PBXGroup;
			children = (
				EE58733B2B7CABFF000C9D57 /* Model */,
				EE58733C2B7CAC09000C9D57 /* View */,
				EE58733D2B7CAC16000C9D57 /* ViewModel */,
				EE8363DD2B7B65600000A91D /* Assets.xcassets */,
				EE8363E22B7B65600000A91D /* Info.plist */,
			);
			path = MoranSaveTest;
			sourceTree = "<group>";
		};
		F60189CEDFE61FE0F358F6C4 /* Pods */ = {
			isa = PBXGroup;
			children = (
				7A7093FB663E1ECE9EC495D9 /* Pods-MoranSaveTest.debug.xcconfig */,
				F79421DC0830B3CE5523A77F /* Pods-MoranSaveTest.release.xcconfig */,
			);
			name = Pods;
			path = Pods;
			sourceTree = "<group>";
		};
/* End PBXGroup section */

/* Begin PBXNativeTarget section */
		EE8363D02B7B65580000A91D /* MoranSaveTest */ = {
			isa = PBXNativeTarget;
			buildConfigurationList = EE8363E52B7B65600000A91D /* Build configuration list for PBXNativeTarget "MoranSaveTest" */;
			buildPhases = (
				B23FC6F8F22F23514440C5D1 /* [CP] Check Pods Manifest.lock */,
				EE8363CD2B7B65580000A91D /* Sources */,
				EE8363CE2B7B65580000A91D /* Frameworks */,
				EE8363CF2B7B65580000A91D /* Resources */,
				EE6749A42B7CB93B003D4416 /* Embed Frameworks */,
				0F43C98670393CCF98E0B81A /* [CP] Embed Pods Frameworks */,
			);
			buildRules = (
			);
			dependencies = (
			);
			name = MoranSaveTest;
			productName = MoranSaveTest;
			productReference = EE8363D12B7B65580000A91D /* MoranSaveTest.app */;
			productType = "com.apple.product-type.application";
		};
/* End PBXNativeTarget section */

/* Begin PBXProject section */
		EE8363C92B7B65580000A91D /* Project object */ = {
			isa = PBXProject;
			attributes = {
				BuildIndependentTargetsInParallel = 1;
				LastSwiftUpdateCheck = 1320;
				LastUpgradeCheck = 1320;
				TargetAttributes = {
					EE8363D02B7B65580000A91D = {
						CreatedOnToolsVersion = 13.2.1;
					};
				};
			};
			buildConfigurationList = EE8363CC2B7B65580000A91D /* Build configuration list for PBXProject "MoranSaveTest" */;
			compatibilityVersion = "Xcode 13.0";
			developmentRegion = en;
			hasScannedForEncodings = 0;
			knownRegions = (
				en,
				Base,
			);
			mainGroup = EE8363C82B7B65580000A91D;
			productRefGroup = EE8363D22B7B65580000A91D /* Products */;
			projectDirPath = "";
			projectRoot = "";
			targets = (
				EE8363D02B7B65580000A91D /* MoranSaveTest */,
			);
		};
/* End PBXProject section */

/* Begin PBXResourcesBuildPhase section */
		EE8363CF2B7B65580000A91D /* Resources */ = {
			isa = PBXResourcesBuildPhase;
			buildActionMask = 2147483647;
			files = (
				EE8363E12B7B65600000A91D /* LaunchScreen.storyboard in Resources */,
				EE8363DE2B7B65600000A91D /* Assets.xcassets in Resources */,
				EE8363F32B7B82180000A91D /* CountiresCell.xib in Resources */,
				EE8363DC2B7B65580000A91D /* Main.storyboard in Resources */,
			);
			runOnlyForDeploymentPostprocessing = 0;
		};
/* End PBXResourcesBuildPhase section */

/* Begin PBXShellScriptBuildPhase section */
		0F43C98670393CCF98E0B81A /* [CP] Embed Pods Frameworks */ = {
			isa = PBXShellScriptBuildPhase;
			buildActionMask = 2147483647;
			files = (
			);
			inputFileListPaths = (
				"${PODS_ROOT}/Target Support Files/Pods-MoranSaveTest/Pods-MoranSaveTest-frameworks-${CONFIGURATION}-input-files.xcfilelist",
			);
			name = "[CP] Embed Pods Frameworks";
			outputFileListPaths = (
				"${PODS_ROOT}/Target Support Files/Pods-MoranSaveTest/Pods-MoranSaveTest-frameworks-${CONFIGURATION}-output-files.xcfilelist",
			);
			runOnlyForDeploymentPostprocessing = 0;
			shellPath = /bin/sh;
			shellScript = "\"${PODS_ROOT}/Target Support Files/Pods-MoranSaveTest/Pods-MoranSaveTest-frameworks.sh\"\n";
			showEnvVarsInLog = 0;
		};
		B23FC6F8F22F23514440C5D1 /* [CP] Check Pods Manifest.lock */ = {
			isa = PBXShellScriptBuildPhase;
			buildActionMask = 2147483647;
			files = (
			);
			inputFileListPaths = (
			);
			inputPaths = (
				"${PODS_PODFILE_DIR_PATH}/Podfile.lock",
				"${PODS_ROOT}/Manifest.lock",
			);
			name = "[CP] Check Pods Manifest.lock";
			outputFileListPaths = (
			);
			outputPaths = (
				"$(DERIVED_FILE_DIR)/Pods-MoranSaveTest-checkManifestLockResult.txt",
			);
			runOnlyForDeploymentPostprocessing = 0;
			shellPath = /bin/sh;
			shellScript = "diff \"${PODS_PODFILE_DIR_PATH}/Podfile.lock\" \"${PODS_ROOT}/Manifest.lock\" > /dev/null\nif [ $? != 0 ] ; then\n    # print error to STDERR\n    echo \"error: The sandbox is not in sync with the Podfile.lock. Run 'pod install' or update your CocoaPods installation.\" >&2\n    exit 1\nfi\n# This output is used by Xcode 'outputs' to avoid re-running this script phase.\necho \"SUCCESS\" > \"${SCRIPT_OUTPUT_FILE_0}\"\n";
			showEnvVarsInLog = 0;
		};
/* End PBXShellScriptBuildPhase section */

/* Begin PBXSourcesBuildPhase section */
		EE8363CD2B7B65580000A91D /* Sources */ = {
			isa = PBXSourcesBuildPhase;
			buildActionMask = 2147483647;
			files = (
				EE8363E92B7B65CE0000A91D /* Observable.swift in Sources */,
				EE8363EF2B7B66140000A91D /* NetworkError.swift in Sources */,
				EE8363D92B7B65580000A91D /* ViewController.swift in Sources */,
				EE8363F12B7B66310000A91D /* CountriesViewModel.swift in Sources */,
				EE8363EB2B7B65ED0000A91D /* NetworkManager.swift in Sources */,
				EE8363F72B7B88690000A91D /* CountriesCellViewModel.swift in Sources */,
				EE8363F92B7BAB1D0000A91D /* CountryDetailsViewController.swift in Sources */,
				EE8363D52B7B65580000A91D /* AppDelegate.swift in Sources */,
				EE8363F52B7B829E0000A91D /* CountiresTableViewCell.swift in Sources */,
				EE8363ED2B7B66050000A91D /* Countries.swift in Sources */,
				EE8363D72B7B65580000A91D /* SceneDelegate.swift in Sources */,
			);
			runOnlyForDeploymentPostprocessing = 0;
		};
/* End PBXSourcesBuildPhase section */

/* Begin PBXVariantGroup section */
		EE8363DA2B7B65580000A91D /* Main.storyboard */ = {
			isa = PBXVariantGroup;
			children = (
				EE8363DB2B7B65580000A91D /* Base */,
			);
			name = Main.storyboard;
			sourceTree = "<group>";
		};
		EE8363DF2B7B65600000A91D /* LaunchScreen.storyboard */ = {
			isa = PBXVariantGroup;
			children = (
				EE8363E02B7B65600000A91D /* Base */,
			);
			name = LaunchScreen.storyboard;
			sourceTree = "<group>";
		};
/* End PBXVariantGroup section */

/* Begin XCBuildConfiguration section */
		EE8363E32B7B65600000A91D /* Debug */ = {
			isa = XCBuildConfiguration;
			buildSettings = {
				ALWAYS_SEARCH_USER_PATHS = NO;
				CLANG_ANALYZER_NONNULL = YES;
				CLANG_ANALYZER_NUMBER_OBJECT_CONVERSION = YES_AGGRESSIVE;
				CLANG_CXX_LANGUAGE_STANDARD = "gnu++17";
				CLANG_CXX_LIBRARY = "libc++";
				CLANG_ENABLE_MODULES = YES;
				CLANG_ENABLE_OBJC_ARC = YES;
				CLANG_ENABLE_OBJC_WEAK = YES;
				CLANG_WARN_BLOCK_CAPTURE_AUTORELEASING = YES;
				CLANG_WARN_BOOL_CONVERSION = YES;
				CLANG_WARN_COMMA = YES;
				CLANG_WARN_CONSTANT_CONVERSION = YES;
				CLANG_WARN_DEPRECATED_OBJC_IMPLEMENTATIONS = YES;
				CLANG_WARN_DIRECT_OBJC_ISA_USAGE = YES_ERROR;
				CLANG_WARN_DOCUMENTATION_COMMENTS = YES;
				CLANG_WARN_EMPTY_BODY = YES;
				CLANG_WARN_ENUM_CONVERSION = YES;
				CLANG_WARN_INFINITE_RECURSION = YES;
				CLANG_WARN_INT_CONVERSION = YES;
				CLANG_WARN_NON_LITERAL_NULL_CONVERSION = YES;
				CLANG_WARN_OBJC_IMPLICIT_RETAIN_SELF = YES;
				CLANG_WARN_OBJC_LITERAL_CONVERSION = YES;
				CLANG_WARN_OBJC_ROOT_CLASS = YES_ERROR;
				CLANG_WARN_QUOTED_INCLUDE_IN_FRAMEWORK_HEADER = YES;
				CLANG_WARN_RANGE_LOOP_ANALYSIS = YES;
				CLANG_WARN_STRICT_PROTOTYPES = YES;
				CLANG_WARN_SUSPICIOUS_MOVE = YES;
				CLANG_WARN_UNGUARDED_AVAILABILITY = YES_AGGRESSIVE;
				CLANG_WARN_UNREACHABLE_CODE = YES;
				CLANG_WARN__DUPLICATE_METHOD_MATCH = YES;
				COPY_PHASE_STRIP = NO;
				DEBUG_INFORMATION_FORMAT = dwarf;
				ENABLE_STRICT_OBJC_MSGSEND = YES;
				ENABLE_TESTABILITY = YES;
				GCC_C_LANGUAGE_STANDARD = gnu11;
				GCC_DYNAMIC_NO_PIC = NO;
				GCC_NO_COMMON_BLOCKS = YES;
				GCC_OPTIMIZATION_LEVEL = 0;
				GCC_PREPROCESSOR_DEFINITIONS = (
					"DEBUG=1",
					"$(inherited)",
				);
				GCC_WARN_64_TO_32_BIT_CONVERSION = YES;
				GCC_WARN_ABOUT_RETURN_TYPE = YES_ERROR;
				GCC_WARN_UNDECLARED_SELECTOR = YES;
				GCC_WARN_UNINITIALIZED_AUTOS = YES_AGGRESSIVE;
				GCC_WARN_UNUSED_FUNCTION = YES;
				GCC_WARN_UNUSED_VARIABLE = YES;
				IPHONEOS_DEPLOYMENT_TARGET = 15.2;
				MTL_ENABLE_DEBUG_INFO = INCLUDE_SOURCE;
				MTL_FAST_MATH = YES;
				ONLY_ACTIVE_ARCH = YES;
				SDKROOT = iphoneos;
				SWIFT_ACTIVE_COMPILATION_CONDITIONS = DEBUG;
				SWIFT_OPTIMIZATION_LEVEL = "-Onone";
			};
			name = Debug;
		};
		EE8363E42B7B65600000A91D /* Release */ = {
			isa = XCBuildConfiguration;
			buildSettings = {
				ALWAYS_SEARCH_USER_PATHS = NO;
				CLANG_ANALYZER_NONNULL = YES;
				CLANG_ANALYZER_NUMBER_OBJECT_CONVERSION = YES_AGGRESSIVE;
				CLANG_CXX_LANGUAGE_STANDARD = "gnu++17";
				CLANG_CXX_LIBRARY = "libc++";
				CLANG_ENABLE_MODULES = YES;
				CLANG_ENABLE_OBJC_ARC = YES;
				CLANG_ENABLE_OBJC_WEAK = YES;
				CLANG_WARN_BLOCK_CAPTURE_AUTORELEASING = YES;
				CLANG_WARN_BOOL_CONVERSION = YES;
				CLANG_WARN_COMMA = YES;
				CLANG_WARN_CONSTANT_CONVERSION = YES;
				CLANG_WARN_DEPRECATED_OBJC_IMPLEMENTATIONS = YES;
				CLANG_WARN_DIRECT_OBJC_ISA_USAGE = YES_ERROR;
				CLANG_WARN_DOCUMENTATION_COMMENTS = YES;
				CLANG_WARN_EMPTY_BODY = YES;
				CLANG_WARN_ENUM_CONVERSION = YES;
				CLANG_WARN_INFINITE_RECURSION = YES;
				CLANG_WARN_INT_CONVERSION = YES;
				CLANG_WARN_NON_LITERAL_NULL_CONVERSION = YES;
				CLANG_WARN_OBJC_IMPLICIT_RETAIN_SELF = YES;
				CLANG_WARN_OBJC_LITERAL_CONVERSION = YES;
				CLANG_WARN_OBJC_ROOT_CLASS = YES_ERROR;
				CLANG_WARN_QUOTED_INCLUDE_IN_FRAMEWORK_HEADER = YES;
				CLANG_WARN_RANGE_LOOP_ANALYSIS = YES;
				CLANG_WARN_STRICT_PROTOTYPES = YES;
				CLANG_WARN_SUSPICIOUS_MOVE = YES;
				CLANG_WARN_UNGUARDED_AVAILABILITY = YES_AGGRESSIVE;
				CLANG_WARN_UNREACHABLE_CODE = YES;
				CLANG_WARN__DUPLICATE_METHOD_MATCH = YES;
				COPY_PHASE_STRIP = NO;
				DEBUG_INFORMATION_FORMAT = "dwarf-with-dsym";
				ENABLE_NS_ASSERTIONS = NO;
				ENABLE_STRICT_OBJC_MSGSEND = YES;
				GCC_C_LANGUAGE_STANDARD = gnu11;
				GCC_NO_COMMON_BLOCKS = YES;
				GCC_WARN_64_TO_32_BIT_CONVERSION = YES;
				GCC_WARN_ABOUT_RETURN_TYPE = YES_ERROR;
				GCC_WARN_UNDECLARED_SELECTOR = YES;
				GCC_WARN_UNINITIALIZED_AUTOS = YES_AGGRESSIVE;
				GCC_WARN_UNUSED_FUNCTION = YES;
				GCC_WARN_UNUSED_VARIABLE = YES;
				IPHONEOS_DEPLOYMENT_TARGET = 15.2;
				MTL_ENABLE_DEBUG_INFO = NO;
				MTL_FAST_MATH = YES;
				SDKROOT = iphoneos;
				SWIFT_COMPILATION_MODE = wholemodule;
				SWIFT_OPTIMIZATION_LEVEL = "-O";
				VALIDATE_PRODUCT = YES;
			};
			name = Release;
		};
		EE8363E62B7B65600000A91D /* Debug */ = {
			isa = XCBuildConfiguration;
			baseConfigurationReference = 7A7093FB663E1ECE9EC495D9 /* Pods-MoranSaveTest.debug.xcconfig */;
			buildSettings = {
				ASSETCATALOG_COMPILER_APPICON_NAME = AppIcon;
				ASSETCATALOG_COMPILER_GLOBAL_ACCENT_COLOR_NAME = AccentColor;
				CODE_SIGN_STYLE = Automatic;
				CURRENT_PROJECT_VERSION = 1;
				GENERATE_INFOPLIST_FILE = YES;
				INFOPLIST_FILE = MoranSaveTest/Info.plist;
				INFOPLIST_KEY_UIApplicationSupportsIndirectInputEvents = YES;
				INFOPLIST_KEY_UILaunchStoryboardName = LaunchScreen;
				INFOPLIST_KEY_UIMainStoryboardFile = Main;
				INFOPLIST_KEY_UISupportedInterfaceOrientations_iPad = "UIInterfaceOrientationPortrait UIInterfaceOrientationPortraitUpsideDown UIInterfaceOrientationLandscapeLeft UIInterfaceOrientationLandscapeRight";
				INFOPLIST_KEY_UISupportedInterfaceOrientations_iPhone = "UIInterfaceOrientationPortrait UIInterfaceOrientationLandscapeLeft UIInterfaceOrientationLandscapeRight";
				LD_RUNPATH_SEARCH_PATHS = (
					"$(inherited)",
					"@executable_path/Frameworks",
				);
				MARKETING_VERSION = 1.0;
				PRODUCT_BUNDLE_IDENTIFIER = "Moran-sApps.MoranSaveTest";
				PRODUCT_NAME = "$(TARGET_NAME)";
				SWIFT_EMIT_LOC_STRINGS = YES;
				SWIFT_VERSION = 5.0;
				TARGETED_DEVICE_FAMILY = "1,2";
			};
			name = Debug;
		};
		EE8363E72B7B65600000A91D /* Release */ = {
			isa = XCBuildConfiguration;
			baseConfigurationReference = F79421DC0830B3CE5523A77F /* Pods-MoranSaveTest.release.xcconfig */;
			buildSettings = {
				ASSETCATALOG_COMPILER_APPICON_NAME = AppIcon;
				ASSETCATALOG_COMPILER_GLOBAL_ACCENT_COLOR_NAME = AccentColor;
				CODE_SIGN_STYLE = Automatic;
				CURRENT_PROJECT_VERSION = 1;
				GENERATE_INFOPLIST_FILE = YES;
				INFOPLIST_FILE = MoranSaveTest/Info.plist;
				INFOPLIST_KEY_UIApplicationSupportsIndirectInputEvents = YES;
				INFOPLIST_KEY_UILaunchStoryboardName = LaunchScreen;
				INFOPLIST_KEY_UIMainStoryboardFile = Main;
				INFOPLIST_KEY_UISupportedInterfaceOrientations_iPad = "UIInterfaceOrientationPortrait UIInterfaceOrientationPortraitUpsideDown UIInterfaceOrientationLandscapeLeft UIInterfaceOrientationLandscapeRight";
				INFOPLIST_KEY_UISupportedInterfaceOrientations_iPhone = "UIInterfaceOrientationPortrait UIInterfaceOrientationLandscapeLeft UIInterfaceOrientationLandscapeRight";
				LD_RUNPATH_SEARCH_PATHS = (
					"$(inherited)",
					"@executable_path/Frameworks",
				);
				MARKETING_VERSION = 1.0;
				PRODUCT_BUNDLE_IDENTIFIER = "Moran-sApps.MoranSaveTest";
				PRODUCT_NAME = "$(TARGET_NAME)";
				SWIFT_EMIT_LOC_STRINGS = YES;
				SWIFT_VERSION = 5.0;
				TARGETED_DEVICE_FAMILY = "1,2";
			};
			name = Release;
		};
/* End XCBuildConfiguration section */

/* Begin XCConfigurationList section */
		EE8363CC2B7B65580000A91D /* Build configuration list for PBXProject "MoranSaveTest" */ = {
			isa = XCConfigurationList;
			buildConfigurations = (
				EE8363E32B7B65600000A91D /* Debug */,
				EE8363E42B7B65600000A91D /* Release */,
			);
			defaultConfigurationIsVisible = 0;
			defaultConfigurationName = Release;
		};
		EE8363E52B7B65600000A91D /* Build configuration list for PBXNativeTarget "MoranSaveTest" */ = {
			isa = XCConfigurationList;
			buildConfigurations = (
				EE8363E62B7B65600000A91D /* Debug */,
				EE8363E72B7B65600000A91D /* Release */,
			);
			defaultConfigurationIsVisible = 0;
			defaultConfigurationName = Release;
		};
/* End XCConfigurationList section */
	};
	rootObject = EE8363C92B7B65580000A91D /* Project object */;
}
